
Microsoft Visual Studio Solution File, Format Version 12.00
# Visual Studio Version 16
VisualStudioVersion = 16.0.30907.101
MinimumVisualStudioVersion = 10.0.40219.1
Project("{FAE04EC0-301F-11D3-BF4B-00C04F79EFBC}") = "RainDrops", "RainDrops\RainDrops.csproj", "{AA059EA8-4C8A-4973-9E8D-115D44F939E9}"
EndProject
Global
	GlobalSection(SolutionConfigurationPlatforms) = preSolution
		Debug|Any CPU = Debug|Any CPU
		Release|Any CPU = Release|Any CPU
	EndGlobalSection
	GlobalSection(ProjectConfigurationPlatforms) = postSolution
		{AA059EA8-4C8A-4973-9E8D-115D44F939E9}.Debug|Any CPU.ActiveCfg = Debug|Any CPU
		{AA059EA8-4C8A-4973-9E8D-115D44F939E9}.Debug|Any CPU.Build.0 = Debug|Any CPU
		{AA059EA8-4C8A-4973-9E8D-115D44F939E9}.Release|Any CPU.ActiveCfg = Release|Any CPU
		{AA059EA8-4C8A-4973-9E8D-115D44F939E9}.Release|Any CPU.Build.0 = Release|Any CPU
	EndGlobalSection
	GlobalSection(SolutionProperties) = preSolution
		HideSolutionNode = FALSE
	EndGlobalSection
	GlobalSection(ExtensibilityGlobals) = postSolution
		SolutionGuid = {1B43C5AA-F344-4498-9614-050096E69176}
	EndGlobalSection
EndGlobal
